
Microsoft Visual Studio Solution File, Format Version 12.00
# Visual Studio Version 17
VisualStudioVersion = 17.14.36518.9 d17.14
MinimumVisualStudioVersion = 10.0.40219.1
Project("{FAE04EC0-301F-11D3-BF4B-00C04F79EFBC}") = "Roplabda", "Roplabda\Roplabda.csproj", "{6B592ECE-F7F1-48C3-B979-021D08B9A762}"
EndProject
Global
	GlobalSection(SolutionConfigurationPlatforms) = preSolution
		Debug|Any CPU = Debug|Any CPU
		Release|Any CPU = Release|Any CPU
	EndGlobalSection
	GlobalSection(ProjectConfigurationPlatforms) = postSolution
		{6B592ECE-F7F1-48C3-B979-021D08B9A762}.Debug|Any CPU.ActiveCfg = Debug|Any CPU
		{6B592ECE-F7F1-48C3-B979-021D08B9A762}.Debug|Any CPU.Build.0 = Debug|Any CPU
		{6B592ECE-F7F1-48C3-B979-021D08B9A762}.Release|Any CPU.ActiveCfg = Release|Any CPU
		{6B592ECE-F7F1-48C3-B979-021D08B9A762}.Release|Any CPU.Build.0 = Release|Any CPU
	EndGlobalSection
	GlobalSection(SolutionProperties) = preSolution
		HideSolutionNode = FALSE
	EndGlobalSection
	GlobalSection(ExtensibilityGlobals) = postSolution
		SolutionGuid = {B7309F04-6841-49E1-91BF-B48DAD139267}
	EndGlobalSection
EndGlobal
